
Microsoft Visual Studio Solution File, Format Version 12.00
# Visual Studio Version 16
VisualStudioVersion = 16.0.31424.327
MinimumVisualStudioVersion = 10.0.40219.1
Project("{2150E333-8FDC-42A3-9474-1A3956D46DE8}") = "Application", "Application", "{06C1217B-5787-41A6-84A9-63EB9005FB59}"
EndProject
Project("{2150E333-8FDC-42A3-9474-1A3956D46DE8}") = "Domain", "Domain", "{89C50852-E35B-4675-8DD4-4282C5AE6541}"
EndProject
Project("{9A19103F-16F7-4668-BE54-9A1E7A4F7556}") = "Lambda.Application", "src\Lambda.Application\Lambda.Application.csproj", "{C3DC14CD-6AB3-472F-8C27-54A726E09B0D}"
EndProject
Project("{FAE04EC0-301F-11D3-BF4B-00C04F79EFBC}") = "Lambda.Domain", "src\Lambda.Domain\Lambda.Domain.csproj", "{0FFEAF45-B0A9-407A-BB53-58F3CF590DEF}"
EndProject
Global
	GlobalSection(SolutionConfigurationPlatforms) = preSolution
		Debug|Any CPU = Debug|Any CPU
		Release|Any CPU = Release|Any CPU
	EndGlobalSection
	GlobalSection(ProjectConfigurationPlatforms) = postSolution
		{C3DC14CD-6AB3-472F-8C27-54A726E09B0D}.Debug|Any CPU.ActiveCfg = Debug|Any CPU
		{C3DC14CD-6AB3-472F-8C27-54A726E09B0D}.Debug|Any CPU.Build.0 = Debug|Any CPU
		{C3DC14CD-6AB3-472F-8C27-54A726E09B0D}.Release|Any CPU.ActiveCfg = Release|Any CPU
		{C3DC14CD-6AB3-472F-8C27-54A726E09B0D}.Release|Any CPU.Build.0 = Release|Any CPU
		{0FFEAF45-B0A9-407A-BB53-58F3CF590DEF}.Debug|Any CPU.ActiveCfg = Debug|Any CPU
		{0FFEAF45-B0A9-407A-BB53-58F3CF590DEF}.Debug|Any CPU.Build.0 = Debug|Any CPU
		{0FFEAF45-B0A9-407A-BB53-58F3CF590DEF}.Release|Any CPU.ActiveCfg = Release|Any CPU
		{0FFEAF45-B0A9-407A-BB53-58F3CF590DEF}.Release|Any CPU.Build.0 = Release|Any CPU
	EndGlobalSection
	GlobalSection(SolutionProperties) = preSolution
		HideSolutionNode = FALSE
	EndGlobalSection
	GlobalSection(NestedProjects) = preSolution
		{C3DC14CD-6AB3-472F-8C27-54A726E09B0D} = {06C1217B-5787-41A6-84A9-63EB9005FB59}
		{0FFEAF45-B0A9-407A-BB53-58F3CF590DEF} = {89C50852-E35B-4675-8DD4-4282C5AE6541}
	EndGlobalSection
	GlobalSection(ExtensibilityGlobals) = postSolution
		SolutionGuid = {E5608A47-FDC3-4798-8A8F-6A0E5EB075D8}
	EndGlobalSection
EndGlobal
